
Microsoft Visual Studio Solution File, Format Version 12.00
# Visual Studio Version 17
VisualStudioVersion = 17.14.36511.14 d17.14
MinimumVisualStudioVersion = 10.0.40219.1
Project("{FAE04EC0-301F-11D3-BF4B-00C04F79EFBC}") = "task1", "task1.csproj", "{AEDDDF3E-EB1D-4DF7-BFC3-9EE8D9BD44F7}"
EndProject
Global
	GlobalSection(SolutionConfigurationPlatforms) = preSolution
		Debug|Any CPU = Debug|Any CPU
		Release|Any CPU = Release|Any CPU
	EndGlobalSection
	GlobalSection(ProjectConfigurationPlatforms) = postSolution
		{AEDDDF3E-EB1D-4DF7-BFC3-9EE8D9BD44F7}.Debug|Any CPU.ActiveCfg = Debug|Any CPU
		{AEDDDF3E-EB1D-4DF7-BFC3-9EE8D9BD44F7}.Debug|Any CPU.Build.0 = Debug|Any CPU
		{AEDDDF3E-EB1D-4DF7-BFC3-9EE8D9BD44F7}.Release|Any CPU.ActiveCfg = Release|Any CPU
		{AEDDDF3E-EB1D-4DF7-BFC3-9EE8D9BD44F7}.Release|Any CPU.Build.0 = Release|Any CPU
	EndGlobalSection
	GlobalSection(SolutionProperties) = preSolution
		HideSolutionNode = FALSE
	EndGlobalSection
	GlobalSection(ExtensibilityGlobals) = postSolution
		SolutionGuid = {10BE31F0-8EA0-4254-B41A-96020E0AC482}
	EndGlobalSection
EndGlobal
